
Microsoft Visual Studio Solution File, Format Version 12.00
# Visual Studio Version 17
VisualStudioVersion = 17.4.33213.308
MinimumVisualStudioVersion = 10.0.40219.1
Project("{9092AA53-FB77-4645-B42D-1CCCA6BD08BD}") = "bd_lab1", "bd_lab1\bd_lab1.njsproj", "{EEB3E3B7-E4FF-46CC-AEE6-F1C5610EC03E}"
EndProject
Global
	GlobalSection(SolutionConfigurationPlatforms) = preSolution
		Debug|Any CPU = Debug|Any CPU
		Release|Any CPU = Release|Any CPU
	EndGlobalSection
	GlobalSection(ProjectConfigurationPlatforms) = postSolution
		{EEB3E3B7-E4FF-46CC-AEE6-F1C5610EC03E}.Debug|Any CPU.ActiveCfg = Debug|Any CPU
		{EEB3E3B7-E4FF-46CC-AEE6-F1C5610EC03E}.Debug|Any CPU.Build.0 = Debug|Any CPU
		{EEB3E3B7-E4FF-46CC-AEE6-F1C5610EC03E}.Release|Any CPU.ActiveCfg = Release|Any CPU
		{EEB3E3B7-E4FF-46CC-AEE6-F1C5610EC03E}.Release|Any CPU.Build.0 = Release|Any CPU
	EndGlobalSection
	GlobalSection(SolutionProperties) = preSolution
		HideSolutionNode = FALSE
	EndGlobalSection
	GlobalSection(ExtensibilityGlobals) = postSolution
		SolutionGuid = {E65BBBB1-1084-418C-8223-8938360F2983}
	EndGlobalSection
EndGlobal
